// !$*UTF8*$!
{
	archiveVersion = 1;
	classes = {
	};
	objectVersion = 56;
	objects = {

/* Begin PBXBuildFile section */
		4660F9B32D00E9F3002662B5 /* JewelCalcAppApp.swift in Sources */ = {isa = PBXBuildFile; fileRef = 4660F9B22D00E9F3002662B5 /* JewelCalcAppApp.swift */; };
		4660F9B72D00E9F3002662B5 /* Item.swift in Sources */ = {isa = PBXBuildFile; fileRef = 4660F9B62D00E9F3002662B5 /* Item.swift */; };
		4660F9B92D00E9F6002662B5 /* Assets.xcassets in Resources */ = {isa = PBXBuildFile; fileRef = 4660F9B82D00E9F6002662B5 /* Assets.xcassets */; };
		4660F9BC2D00E9F6002662B5 /* Preview Assets.xcassets in Resources */ = {isa = PBXBuildFile; fileRef = 4660F9BB2D00E9F6002662B5 /* Preview Assets.xcassets */; };
		4660F9C62D00E9F6002662B5 /* JewelCalcAppTests.swift in Sources */ = {isa = PBXBuildFile; fileRef = 4660F9C52D00E9F6002662B5 /* JewelCalcAppTests.swift */; };
		4660F9D02D00E9F6002662B5 /* JewelCalcAppUITests.swift in Sources */ = {isa = PBXBuildFile; fileRef = 4660F9CF2D00E9F6002662B5 /* JewelCalcAppUITests.swift */; };
		4660F9D22D00E9F6002662B5 /* JewelCalcAppUITestsLaunchTests.swift in Sources */ = {isa = PBXBuildFile; fileRef = 4660F9D12D00E9F6002662B5 /* JewelCalcAppUITestsLaunchTests.swift */; };
		4660F9E02D00EBE4002662B5 /* InventoryItem.swift in Sources */ = {isa = PBXBuildFile; fileRef = 4660F9DF2D00EBE4002662B5 /* InventoryItem.swift */; };
		4660F9E32D00EC06002662B5 /* InventoryViewModel.swift in Sources */ = {isa = PBXBuildFile; fileRef = 4660F9E22D00EC06002662B5 /* InventoryViewModel.swift */; };
		4660F9E62D00EC2A002662B5 /* HomeView.swift in Sources */ = {isa = PBXBuildFile; fileRef = 4660F9E52D00EC2A002662B5 /* HomeView.swift */; };
		4660F9E82D00EC3D002662B5 /* InventoryView.swift in Sources */ = {isa = PBXBuildFile; fileRef = 4660F9E72D00EC3D002662B5 /* InventoryView.swift */; };
		4660F9EA2D00EC52002662B5 /* AddInventoryItemView.swift in Sources */ = {isa = PBXBuildFile; fileRef = 4660F9E92D00EC52002662B5 /* AddInventoryItemView.swift */; };
		4660F9EC2D00EC68002662B5 /* CostCalculatorView.swift in Sources */ = {isa = PBXBuildFile; fileRef = 4660F9EB2D00EC68002662B5 /* CostCalculatorView.swift */; };
		4660F9EF2D00EC88002662B5 /* InvoiceView.swift in Sources */ = {isa = PBXBuildFile; fileRef = 4660F9EE2D00EC88002662B5 /* InvoiceView.swift */; };
		4660F9F12D00EE1C002662B5 /* Invoice.swift in Sources */ = {isa = PBXBuildFile; fileRef = 4660F9F02D00EE1C002662B5 /* Invoice.swift */; };
		4660F9F32D00EE34002662B5 /* InvoiceViewModel.swift in Sources */ = {isa = PBXBuildFile; fileRef = 4660F9F22D00EE34002662B5 /* InvoiceViewModel.swift */; };
		4660F9F52D00F179002662B5 /* InvoiceViewModelTests.swift in Sources */ = {isa = PBXBuildFile; fileRef = 4660F9F42D00F179002662B5 /* InvoiceViewModelTests.swift */; };
		4660F9F82D010626002662B5 /* CoreDataStack.xcdatamodeld in Sources */ = {isa = PBXBuildFile; fileRef = 4660F9F62D010626002662B5 /* CoreDataStack.xcdatamodeld */; };
		4660F9FA2D01074A002662B5 /* CoreDataStack.swift in Sources */ = {isa = PBXBuildFile; fileRef = 4660F9F92D01074A002662B5 /* CoreDataStack.swift */; };
		46B25AF02D0A1B1B000D7625 /* DashboardView.swift in Sources */ = {isa = PBXBuildFile; fileRef = 46B25AEF2D0A1B1B000D7625 /* DashboardView.swift */; };
/* End PBXBuildFile section */

/* Begin PBXContainerItemProxy section */
		4660F9C22D00E9F6002662B5 /* PBXContainerItemProxy */ = {
			isa = PBXContainerItemProxy;
			containerPortal = 4660F9A72D00E9F3002662B5 /* Project object */;
			proxyType = 1;
			remoteGlobalIDString = 4660F9AE2D00E9F3002662B5;
			remoteInfo = JewelCalcApp;
		};
		4660F9CC2D00E9F6002662B5 /* PBXContainerItemProxy */ = {
			isa = PBXContainerItemProxy;
			containerPortal = 4660F9A72D00E9F3002662B5 /* Project object */;
			proxyType = 1;
			remoteGlobalIDString = 4660F9AE2D00E9F3002662B5;
			remoteInfo = JewelCalcApp;
		};
/* End PBXContainerItemProxy section */

/* Begin PBXFileReference section */
		4660F9AF2D00E9F3002662B5 /* JewelCalcApp.app */ = {isa = PBXFileReference; explicitFileType = wrapper.application; includeInIndex = 0; path = JewelCalcApp.app; sourceTree = BUILT_PRODUCTS_DIR; };
		4660F9B22D00E9F3002662B5 /* JewelCalcAppApp.swift */ = {isa = PBXFileReference; lastKnownFileType = sourcecode.swift; path = JewelCalcAppApp.swift; sourceTree = "<group>"; };
		4660F9B62D00E9F3002662B5 /* Item.swift */ = {isa = PBXFileReference; lastKnownFileType = sourcecode.swift; path = Item.swift; sourceTree = "<group>"; };
		4660F9B82D00E9F6002662B5 /* Assets.xcassets */ = {isa = PBXFileReference; lastKnownFileType = folder.assetcatalog; path = Assets.xcassets; sourceTree = "<group>"; };
		4660F9BB2D00E9F6002662B5 /* Preview Assets.xcassets */ = {isa = PBXFileReference; lastKnownFileType = folder.assetcatalog; path = "Preview Assets.xcassets"; sourceTree = "<group>"; };
		4660F9C12D00E9F6002662B5 /* JewelCalcAppTests.xctest */ = {isa = PBXFileReference; explicitFileType = wrapper.cfbundle; includeInIndex = 0; path = JewelCalcAppTests.xctest; sourceTree = BUILT_PRODUCTS_DIR; };
		4660F9C52D00E9F6002662B5 /* JewelCalcAppTests.swift */ = {isa = PBXFileReference; lastKnownFileType = sourcecode.swift; path = JewelCalcAppTests.swift; sourceTree = "<group>"; };
		4660F9CB2D00E9F6002662B5 /* JewelCalcAppUITests.xctest */ = {isa = PBXFileReference; explicitFileType = wrapper.cfbundle; includeInIndex = 0; path = JewelCalcAppUITests.xctest; sourceTree = BUILT_PRODUCTS_DIR; };
		4660F9CF2D00E9F6002662B5 /* JewelCalcAppUITests.swift */ = {isa = PBXFileReference; lastKnownFileType = sourcecode.swift; path = JewelCalcAppUITests.swift; sourceTree = "<group>"; };
		4660F9D12D00E9F6002662B5 /* JewelCalcAppUITestsLaunchTests.swift */ = {isa = PBXFileReference; lastKnownFileType = sourcecode.swift; path = JewelCalcAppUITestsLaunchTests.swift; sourceTree = "<group>"; };
		4660F9DF2D00EBE4002662B5 /* InventoryItem.swift */ = {isa = PBXFileReference; lastKnownFileType = sourcecode.swift; path = InventoryItem.swift; sourceTree = "<group>"; };
		4660F9E22D00EC06002662B5 /* InventoryViewModel.swift */ = {isa = PBXFileReference; lastKnownFileType = sourcecode.swift; path = InventoryViewModel.swift; sourceTree = "<group>"; };
		4660F9E52D00EC2A002662B5 /* HomeView.swift */ = {isa = PBXFileReference; lastKnownFileType = sourcecode.swift; path = HomeView.swift; sourceTree = "<group>"; };
		4660F9E72D00EC3D002662B5 /* InventoryView.swift */ = {isa = PBXFileReference; lastKnownFileType = sourcecode.swift; path = InventoryView.swift; sourceTree = "<group>"; };
		4660F9E92D00EC52002662B5 /* AddInventoryItemView.swift */ = {isa = PBXFileReference; lastKnownFileType = sourcecode.swift; path = AddInventoryItemView.swift; sourceTree = "<group>"; };
		4660F9EB2D00EC68002662B5 /* CostCalculatorView.swift */ = {isa = PBXFileReference; lastKnownFileType = sourcecode.swift; path = CostCalculatorView.swift; sourceTree = "<group>"; };
		4660F9EE2D00EC88002662B5 /* InvoiceView.swift */ = {isa = PBXFileReference; lastKnownFileType = sourcecode.swift; path = InvoiceView.swift; sourceTree = "<group>"; };
		4660F9F02D00EE1C002662B5 /* Invoice.swift */ = {isa = PBXFileReference; lastKnownFileType = sourcecode.swift; path = Invoice.swift; sourceTree = "<group>"; };
		4660F9F22D00EE34002662B5 /* InvoiceViewModel.swift */ = {isa = PBXFileReference; lastKnownFileType = sourcecode.swift; path = InvoiceViewModel.swift; sourceTree = "<group>"; };
		4660F9F42D00F179002662B5 /* InvoiceViewModelTests.swift */ = {isa = PBXFileReference; lastKnownFileType = sourcecode.swift; path = InvoiceViewModelTests.swift; sourceTree = "<group>"; };
		4660F9F72D010626002662B5 /* CoreDataStack.xcdatamodel */ = {isa = PBXFileReference; lastKnownFileType = wrapper.xcdatamodel; path = CoreDataStack.xcdatamodel; sourceTree = "<group>"; };
		4660F9F92D01074A002662B5 /* CoreDataStack.swift */ = {isa = PBXFileReference; lastKnownFileType = sourcecode.swift; path = CoreDataStack.swift; sourceTree = "<group>"; };
		46B25AEF2D0A1B1B000D7625 /* DashboardView.swift */ = {isa = PBXFileReference; lastKnownFileType = sourcecode.swift; path = DashboardView.swift; sourceTree = "<group>"; };
/* End PBXFileReference section */

/* Begin PBXFrameworksBuildPhase section */
		4660F9AC2D00E9F3002662B5 /* Frameworks */ = {
			isa = PBXFrameworksBuildPhase;
			buildActionMask = 2147483647;
			files = (
			);
			runOnlyForDeploymentPostprocessing = 0;
		};
		4660F9BE2D00E9F6002662B5 /* Frameworks */ = {
			isa = PBXFrameworksBuildPhase;
			buildActionMask = 2147483647;
			files = (
			);
			runOnlyForDeploymentPostprocessing = 0;
		};
		4660F9C82D00E9F6002662B5 /* Frameworks */ = {
			isa = PBXFrameworksBuildPhase;
			buildActionMask = 2147483647;
			files = (
			);
			runOnlyForDeploymentPostprocessing = 0;
		};
/* End PBXFrameworksBuildPhase section */

/* Begin PBXGroup section */
		4660F9A62D00E9F3002662B5 = {
			isa = PBXGroup;
			children = (
				4660F9B12D00E9F3002662B5 /* JewelCalcApp */,
				4660F9C42D00E9F6002662B5 /* JewelCalcAppTests */,
				4660F9CE2D00E9F6002662B5 /* JewelCalcAppUITests */,
				4660F9B02D00E9F3002662B5 /* Products */,
			);
			sourceTree = "<group>";
		};
		4660F9B02D00E9F3002662B5 /* Products */ = {
			isa = PBXGroup;
			children = (
				4660F9AF2D00E9F3002662B5 /* JewelCalcApp.app */,
				4660F9C12D00E9F6002662B5 /* JewelCalcAppTests.xctest */,
				4660F9CB2D00E9F6002662B5 /* JewelCalcAppUITests.xctest */,
			);
			name = Products;
			sourceTree = "<group>";
		};
		4660F9B12D00E9F3002662B5 /* JewelCalcApp */ = {
			isa = PBXGroup;
			children = (
				4660F9F62D010626002662B5 /* CoreDataStack.xcdatamodeld */,
				4660F9E42D00EC1D002662B5 /* Views */,
				4660F9E12D00EBF6002662B5 /* ViewModel */,
				4660F9B22D00E9F3002662B5 /* JewelCalcAppApp.swift */,
				4660F9DE2D00EBC8002662B5 /* Models */,
				4660F9B62D00E9F3002662B5 /* Item.swift */,
				4660F9B82D00E9F6002662B5 /* Assets.xcassets */,
				4660F9BA2D00E9F6002662B5 /* Preview Content */,
			);
			path = JewelCalcApp;
			sourceTree = "<group>";
		};
		4660F9BA2D00E9F6002662B5 /* Preview Content */ = {
			isa = PBXGroup;
			children = (
				4660F9BB2D00E9F6002662B5 /* Preview Assets.xcassets */,
			);
			path = "Preview Content";
			sourceTree = "<group>";
		};
		4660F9C42D00E9F6002662B5 /* JewelCalcAppTests */ = {
			isa = PBXGroup;
			children = (
				4660F9C52D00E9F6002662B5 /* JewelCalcAppTests.swift */,
				4660F9F42D00F179002662B5 /* InvoiceViewModelTests.swift */,
			);
			path = JewelCalcAppTests;
			sourceTree = "<group>";
		};
		4660F9CE2D00E9F6002662B5 /* JewelCalcAppUITests */ = {
			isa = PBXGroup;
			children = (
				4660F9CF2D00E9F6002662B5 /* JewelCalcAppUITests.swift */,
				4660F9D12D00E9F6002662B5 /* JewelCalcAppUITestsLaunchTests.swift */,
			);
			path = JewelCalcAppUITests;
			sourceTree = "<group>";
		};
		4660F9DE2D00EBC8002662B5 /* Models */ = {
			isa = PBXGroup;
			children = (
				4660F9DF2D00EBE4002662B5 /* InventoryItem.swift */,
				4660F9F02D00EE1C002662B5 /* Invoice.swift */,
				4660F9F92D01074A002662B5 /* CoreDataStack.swift */,
			);
			path = Models;
			sourceTree = "<group>";
		};
		4660F9E12D00EBF6002662B5 /* ViewModel */ = {
			isa = PBXGroup;
			children = (
				4660F9E22D00EC06002662B5 /* InventoryViewModel.swift */,
				4660F9F22D00EE34002662B5 /* InvoiceViewModel.swift */,
			);
			path = ViewModel;
			sourceTree = "<group>";
		};
		4660F9E42D00EC1D002662B5 /* Views */ = {
			isa = PBXGroup;
			children = (
				4660F9E52D00EC2A002662B5 /* HomeView.swift */,
				4660F9E72D00EC3D002662B5 /* InventoryView.swift */,
				4660F9E92D00EC52002662B5 /* AddInventoryItemView.swift */,
				4660F9EB2D00EC68002662B5 /* CostCalculatorView.swift */,
				4660F9EE2D00EC88002662B5 /* InvoiceView.swift */,
				46B25AEF2D0A1B1B000D7625 /* DashboardView.swift */,
			);
			path = Views;
			sourceTree = "<group>";
		};
/* End PBXGroup section */

/* Begin PBXNativeTarget section */
		4660F9AE2D00E9F3002662B5 /* JewelCalcApp */ = {
			isa = PBXNativeTarget;
			buildConfigurationList = 4660F9D52D00E9F6002662B5 /* Build configuration list for PBXNativeTarget "JewelCalcApp" */;
			buildPhases = (
				4660F9AB2D00E9F3002662B5 /* Sources */,
				4660F9AC2D00E9F3002662B5 /* Frameworks */,
				4660F9AD2D00E9F3002662B5 /* Resources */,
			);
			buildRules = (
			);
			dependencies = (
			);
			name = JewelCalcApp;
			productName = JewelCalcApp;
			productReference = 4660F9AF2D00E9F3002662B5 /* JewelCalcApp.app */;
			productType = "com.apple.product-type.application";
		};
		4660F9C02D00E9F6002662B5 /* JewelCalcAppTests */ = {
			isa = PBXNativeTarget;
			buildConfigurationList = 4660F9D82D00E9F6002662B5 /* Build configuration list for PBXNativeTarget "JewelCalcAppTests" */;
			buildPhases = (
				4660F9BD2D00E9F6002662B5 /* Sources */,
				4660F9BE2D00E9F6002662B5 /* Frameworks */,
				4660F9BF2D00E9F6002662B5 /* Resources */,
			);
			buildRules = (
			);
			dependencies = (
				4660F9C32D00E9F6002662B5 /* PBXTargetDependency */,
			);
			name = JewelCalcAppTests;
			productName = JewelCalcAppTests;
			productReference = 4660F9C12D00E9F6002662B5 /* JewelCalcAppTests.xctest */;
			productType = "com.apple.product-type.bundle.unit-test";
		};
		4660F9CA2D00E9F6002662B5 /* JewelCalcAppUITests */ = {
			isa = PBXNativeTarget;
			buildConfigurationList = 4660F9DB2D00E9F6002662B5 /* Build configuration list for PBXNativeTarget "JewelCalcAppUITests" */;
			buildPhases = (
				4660F9C72D00E9F6002662B5 /* Sources */,
				4660F9C82D00E9F6002662B5 /* Frameworks */,
				4660F9C92D00E9F6002662B5 /* Resources */,
			);
			buildRules = (
			);
			dependencies = (
				4660F9CD2D00E9F6002662B5 /* PBXTargetDependency */,
			);
			name = JewelCalcAppUITests;
			productName = JewelCalcAppUITests;
			productReference = 4660F9CB2D00E9F6002662B5 /* JewelCalcAppUITests.xctest */;
			productType = "com.apple.product-type.bundle.ui-testing";
		};
/* End PBXNativeTarget section */

/* Begin PBXProject section */
		4660F9A72D00E9F3002662B5 /* Project object */ = {
			isa = PBXProject;
			attributes = {
				BuildIndependentTargetsInParallel = 1;
				LastSwiftUpdateCheck = 1520;
				LastUpgradeCheck = 1520;
				TargetAttributes = {
					4660F9AE2D00E9F3002662B5 = {
						CreatedOnToolsVersion = 15.2;
					};
					4660F9C02D00E9F6002662B5 = {
						CreatedOnToolsVersion = 15.2;
						TestTargetID = 4660F9AE2D00E9F3002662B5;
					};
					4660F9CA2D00E9F6002662B5 = {
						CreatedOnToolsVersion = 15.2;
						TestTargetID = 4660F9AE2D00E9F3002662B5;
					};
				};
			};
			buildConfigurationList = 4660F9AA2D00E9F3002662B5 /* Build configuration list for PBXProject "JewelCalcApp" */;
			compatibilityVersion = "Xcode 14.0";
			developmentRegion = en;
			hasScannedForEncodings = 0;
			knownRegions = (
				en,
				Base,
			);
			mainGroup = 4660F9A62D00E9F3002662B5;
			productRefGroup = 4660F9B02D00E9F3002662B5 /* Products */;
			projectDirPath = "";
			projectRoot = "";
			targets = (
				4660F9AE2D00E9F3002662B5 /* JewelCalcApp */,
				4660F9C02D00E9F6002662B5 /* JewelCalcAppTests */,
				4660F9CA2D00E9F6002662B5 /* JewelCalcAppUITests */,
			);
		};
/* End PBXProject section */

/* Begin PBXResourcesBuildPhase section */
		4660F9AD2D00E9F3002662B5 /* Resources */ = {
			isa = PBXResourcesBuildPhase;
			buildActionMask = 2147483647;
			files = (
				4660F9BC2D00E9F6002662B5 /* Preview Assets.xcassets in Resources */,
				4660F9B92D00E9F6002662B5 /* Assets.xcassets in Resources */,
			);
			runOnlyForDeploymentPostprocessing = 0;
		};
		4660F9BF2D00E9F6002662B5 /* Resources */ = {
			isa = PBXResourcesBuildPhase;
			buildActionMask = 2147483647;
			files = (
			);
			runOnlyForDeploymentPostprocessing = 0;
		};
		4660F9C92D00E9F6002662B5 /* Resources */ = {
			isa = PBXResourcesBuildPhase;
			buildActionMask = 2147483647;
			files = (
			);
			runOnlyForDeploymentPostprocessing = 0;
		};
/* End PBXResourcesBuildPhase section */

/* Begin PBXSourcesBuildPhase section */
		4660F9AB2D00E9F3002662B5 /* Sources */ = {
			isa = PBXSourcesBuildPhase;
			buildActionMask = 2147483647;
			files = (
				4660F9EC2D00EC68002662B5 /* CostCalculatorView.swift in Sources */,
				4660F9E32D00EC06002662B5 /* InventoryViewModel.swift in Sources */,
				4660F9F32D00EE34002662B5 /* InvoiceViewModel.swift in Sources */,
				46B25AF02D0A1B1B000D7625 /* DashboardView.swift in Sources */,
				4660F9B72D00E9F3002662B5 /* Item.swift in Sources */,
				4660F9EF2D00EC88002662B5 /* InvoiceView.swift in Sources */,
				4660F9E62D00EC2A002662B5 /* HomeView.swift in Sources */,
				4660F9FA2D01074A002662B5 /* CoreDataStack.swift in Sources */,
				4660F9E82D00EC3D002662B5 /* InventoryView.swift in Sources */,
				4660F9B32D00E9F3002662B5 /* JewelCalcAppApp.swift in Sources */,
				4660F9EA2D00EC52002662B5 /* AddInventoryItemView.swift in Sources */,
				4660F9E02D00EBE4002662B5 /* InventoryItem.swift in Sources */,
				4660F9F12D00EE1C002662B5 /* Invoice.swift in Sources */,
				4660F9F82D010626002662B5 /* CoreDataStack.xcdatamodeld in Sources */,
			);
			runOnlyForDeploymentPostprocessing = 0;
		};
		4660F9BD2D00E9F6002662B5 /* Sources */ = {
			isa = PBXSourcesBuildPhase;
			buildActionMask = 2147483647;
			files = (
				4660F9F52D00F179002662B5 /* InvoiceViewModelTests.swift in Sources */,
				4660F9C62D00E9F6002662B5 /* JewelCalcAppTests.swift in Sources */,
			);
			runOnlyForDeploymentPostprocessing = 0;
		};
		4660F9C72D00E9F6002662B5 /* Sources */ = {
			isa = PBXSourcesBuildPhase;
			buildActionMask = 2147483647;
			files = (
				4660F9D02D00E9F6002662B5 /* JewelCalcAppUITests.swift in Sources */,
				4660F9D22D00E9F6002662B5 /* JewelCalcAppUITestsLaunchTests.swift in Sources */,
			);
			runOnlyForDeploymentPostprocessing = 0;
		};
/* End PBXSourcesBuildPhase section */

/* Begin PBXTargetDependency section */
		4660F9C32D00E9F6002662B5 /* PBXTargetDependency */ = {
			isa = PBXTargetDependency;
			target = 4660F9AE2D00E9F3002662B5 /* JewelCalcApp */;
			targetProxy = 4660F9C22D00E9F6002662B5 /* PBXContainerItemProxy */;
		};
		4660F9CD2D00E9F6002662B5 /* PBXTargetDependency */ = {
			isa = PBXTargetDependency;
			target = 4660F9AE2D00E9F3002662B5 /* JewelCalcApp */;
			targetProxy = 4660F9CC2D00E9F6002662B5 /* PBXContainerItemProxy */;
		};
/* End PBXTargetDependency section */

/* Begin XCBuildConfiguration section */
		4660F9D32D00E9F6002662B5 /* Debug */ = {
			isa = XCBuildConfiguration;
			buildSettings = {
				ALWAYS_SEARCH_USER_PATHS = NO;
				ASSETCATALOG_COMPILER_GENERATE_SWIFT_ASSET_SYMBOL_EXTENSIONS = YES;
				CLANG_ANALYZER_NONNULL = YES;
				CLANG_ANALYZER_NUMBER_OBJECT_CONVERSION = YES_AGGRESSIVE;
				CLANG_CXX_LANGUAGE_STANDARD = "gnu++20";
				CLANG_ENABLE_MODULES = YES;
				CLANG_ENABLE_OBJC_ARC = YES;
				CLANG_ENABLE_OBJC_WEAK = YES;
				CLANG_WARN_BLOCK_CAPTURE_AUTORELEASING = YES;
				CLANG_WARN_BOOL_CONVERSION = YES;
				CLANG_WARN_COMMA = YES;
				CLANG_WARN_CONSTANT_CONVERSION = YES;
				CLANG_WARN_DEPRECATED_OBJC_IMPLEMENTATIONS = YES;
				CLANG_WARN_DIRECT_OBJC_ISA_USAGE = YES_ERROR;
				CLANG_WARN_DOCUMENTATION_COMMENTS = YES;
				CLANG_WARN_EMPTY_BODY = YES;
				CLANG_WARN_ENUM_CONVERSION = YES;
				CLANG_WARN_INFINITE_RECURSION = YES;
				CLANG_WARN_INT_CONVERSION = YES;
				CLANG_WARN_NON_LITERAL_NULL_CONVERSION = YES;
				CLANG_WARN_OBJC_IMPLICIT_RETAIN_SELF = YES;
				CLANG_WARN_OBJC_LITERAL_CONVERSION = YES;
				CLANG_WARN_OBJC_ROOT_CLASS = YES_ERROR;
				CLANG_WARN_QUOTED_INCLUDE_IN_FRAMEWORK_HEADER = YES;
				CLANG_WARN_RANGE_LOOP_ANALYSIS = YES;
				CLANG_WARN_STRICT_PROTOTYPES = YES;
				CLANG_WARN_SUSPICIOUS_MOVE = YES;
				CLANG_WARN_UNGUARDED_AVAILABILITY = YES_AGGRESSIVE;
				CLANG_WARN_UNREACHABLE_CODE = YES;
				CLANG_WARN__DUPLICATE_METHOD_MATCH = YES;
				COPY_PHASE_STRIP = NO;
				DEBUG_INFORMATION_FORMAT = dwarf;
				ENABLE_STRICT_OBJC_MSGSEND = YES;
				ENABLE_TESTABILITY = YES;
				ENABLE_USER_SCRIPT_SANDBOXING = YES;
				GCC_C_LANGUAGE_STANDARD = gnu17;
				GCC_DYNAMIC_NO_PIC = NO;
				GCC_NO_COMMON_BLOCKS = YES;
				GCC_OPTIMIZATION_LEVEL = 0;
				GCC_PREPROCESSOR_DEFINITIONS = (
					"DEBUG=1",
					"$(inherited)",
				);
				GCC_WARN_64_TO_32_BIT_CONVERSION = YES;
				GCC_WARN_ABOUT_RETURN_TYPE = YES_ERROR;
				GCC_WARN_UNDECLARED_SELECTOR = YES;
				GCC_WARN_UNINITIALIZED_AUTOS = YES_AGGRESSIVE;
				GCC_WARN_UNUSED_FUNCTION = YES;
				GCC_WARN_UNUSED_VARIABLE = YES;
				IPHONEOS_DEPLOYMENT_TARGET = 17.2;
				LOCALIZATION_PREFERS_STRING_CATALOGS = YES;
				MTL_ENABLE_DEBUG_INFO = INCLUDE_SOURCE;
				MTL_FAST_MATH = YES;
				ONLY_ACTIVE_ARCH = YES;
				SDKROOT = iphoneos;
				SWIFT_ACTIVE_COMPILATION_CONDITIONS = "DEBUG $(inherited)";
				SWIFT_OPTIMIZATION_LEVEL = "-Onone";
			};
			name = Debug;
		};
		4660F9D42D00E9F6002662B5 /* Release */ = {
			isa = XCBuildConfiguration;
			buildSettings = {
				ALWAYS_SEARCH_USER_PATHS = NO;
				ASSETCATALOG_COMPILER_GENERATE_SWIFT_ASSET_SYMBOL_EXTENSIONS = YES;
				CLANG_ANALYZER_NONNULL = YES;
				CLANG_ANALYZER_NUMBER_OBJECT_CONVERSION = YES_AGGRESSIVE;
				CLANG_CXX_LANGUAGE_STANDARD = "gnu++20";
				CLANG_ENABLE_MODULES = YES;
				CLANG_ENABLE_OBJC_ARC = YES;
				CLANG_ENABLE_OBJC_WEAK = YES;
				CLANG_WARN_BLOCK_CAPTURE_AUTORELEASING = YES;
				CLANG_WARN_BOOL_CONVERSION = YES;
				CLANG_WARN_COMMA = YES;
				CLANG_WARN_CONSTANT_CONVERSION = YES;
				CLANG_WARN_DEPRECATED_OBJC_IMPLEMENTATIONS = YES;
				CLANG_WARN_DIRECT_OBJC_ISA_USAGE = YES_ERROR;
				CLANG_WARN_DOCUMENTATION_COMMENTS = YES;
				CLANG_WARN_EMPTY_BODY = YES;
				CLANG_WARN_ENUM_CONVERSION = YES;
				CLANG_WARN_INFINITE_RECURSION = YES;
				CLANG_WARN_INT_CONVERSION = YES;
				CLANG_WARN_NON_LITERAL_NULL_CONVERSION = YES;
				CLANG_WARN_OBJC_IMPLICIT_RETAIN_SELF = YES;
				CLANG_WARN_OBJC_LITERAL_CONVERSION = YES;
				CLANG_WARN_OBJC_ROOT_CLASS = YES_ERROR;
				CLANG_WARN_QUOTED_INCLUDE_IN_FRAMEWORK_HEADER = YES;
				CLANG_WARN_RANGE_LOOP_ANALYSIS = YES;
				CLANG_WARN_STRICT_PROTOTYPES = YES;
				CLANG_WARN_SUSPICIOUS_MOVE = YES;
				CLANG_WARN_UNGUARDED_AVAILABILITY = YES_AGGRESSIVE;
				CLANG_WARN_UNREACHABLE_CODE = YES;
				CLANG_WARN__DUPLICATE_METHOD_MATCH = YES;
				COPY_PHASE_STRIP = NO;
				DEBUG_INFORMATION_FORMAT = "dwarf-with-dsym";
				ENABLE_NS_ASSERTIONS = NO;
				ENABLE_STRICT_OBJC_MSGSEND = YES;
				ENABLE_USER_SCRIPT_SANDBOXING = YES;
				GCC_C_LANGUAGE_STANDARD = gnu17;
				GCC_NO_COMMON_BLOCKS = YES;
				GCC_WARN_64_TO_32_BIT_CONVERSION = YES;
				GCC_WARN_ABOUT_RETURN_TYPE = YES_ERROR;
				GCC_WARN_UNDECLARED_SELECTOR = YES;
				GCC_WARN_UNINITIALIZED_AUTOS = YES_AGGRESSIVE;
				GCC_WARN_UNUSED_FUNCTION = YES;
				GCC_WARN_UNUSED_VARIABLE = YES;
				IPHONEOS_DEPLOYMENT_TARGET = 17.2;
				LOCALIZATION_PREFERS_STRING_CATALOGS = YES;
				MTL_ENABLE_DEBUG_INFO = NO;
				MTL_FAST_MATH = YES;
				SDKROOT = iphoneos;
				SWIFT_COMPILATION_MODE = wholemodule;
				VALIDATE_PRODUCT = YES;
			};
			name = Release;
		};
		4660F9D62D00E9F6002662B5 /* Debug */ = {
			isa = XCBuildConfiguration;
			buildSettings = {
				ASSETCATALOG_COMPILER_APPICON_NAME = AppIcon;
				ASSETCATALOG_COMPILER_GLOBAL_ACCENT_COLOR_NAME = AccentColor;
				CODE_SIGN_STYLE = Automatic;
				CURRENT_PROJECT_VERSION = 1;
				DEVELOPMENT_ASSET_PATHS = "\"JewelCalcApp/Preview Content\"";
				DEVELOPMENT_TEAM = QAC364DJ2H;
				ENABLE_PREVIEWS = YES;
				GENERATE_INFOPLIST_FILE = YES;
				INFOPLIST_KEY_UIApplicationSceneManifest_Generation = YES;
				INFOPLIST_KEY_UIApplicationSupportsIndirectInputEvents = YES;
				INFOPLIST_KEY_UILaunchScreen_Generation = YES;
				INFOPLIST_KEY_UISupportedInterfaceOrientations_iPad = "UIInterfaceOrientationPortrait UIInterfaceOrientationPortraitUpsideDown UIInterfaceOrientationLandscapeLeft UIInterfaceOrientationLandscapeRight";
				INFOPLIST_KEY_UISupportedInterfaceOrientations_iPhone = "UIInterfaceOrientationPortrait UIInterfaceOrientationLandscapeLeft UIInterfaceOrientationLandscapeRight";
				LD_RUNPATH_SEARCH_PATHS = (
					"$(inherited)",
					"@executable_path/Frameworks",
				);
				MARKETING_VERSION = 1.0;
				PRODUCT_BUNDLE_IDENTIFIER = edu.psu.nbh5294.JewelCalcApp;
				PRODUCT_NAME = "$(TARGET_NAME)";
				SWIFT_EMIT_LOC_STRINGS = YES;
				SWIFT_VERSION = 5.0;
				TARGETED_DEVICE_FAMILY = "1,2";
			};
			name = Debug;
		};
		4660F9D72D00E9F6002662B5 /* Release */ = {
			isa = XCBuildConfiguration;
			buildSettings = {
				ASSETCATALOG_COMPILER_APPICON_NAME = AppIcon;
				ASSETCATALOG_COMPILER_GLOBAL_ACCENT_COLOR_NAME = AccentColor;
				CODE_SIGN_STYLE = Automatic;
				CURRENT_PROJECT_VERSION = 1;
				DEVELOPMENT_ASSET_PATHS = "\"JewelCalcApp/Preview Content\"";
				DEVELOPMENT_TEAM = QAC364DJ2H;
				ENABLE_PREVIEWS = YES;
				GENERATE_INFOPLIST_FILE = YES;
				INFOPLIST_KEY_UIApplicationSceneManifest_Generation = YES;
				INFOPLIST_KEY_UIApplicationSupportsIndirectInputEvents = YES;
				INFOPLIST_KEY_UILaunchScreen_Generation = YES;
				INFOPLIST_KEY_UISupportedInterfaceOrientations_iPad = "UIInterfaceOrientationPortrait UIInterfaceOrientationPortraitUpsideDown UIInterfaceOrientationLandscapeLeft UIInterfaceOrientationLandscapeRight";
				INFOPLIST_KEY_UISupportedInterfaceOrientations_iPhone = "UIInterfaceOrientationPortrait UIInterfaceOrientationLandscapeLeft UIInterfaceOrientationLandscapeRight";
				LD_RUNPATH_SEARCH_PATHS = (
					"$(inherited)",
					"@executable_path/Frameworks",
				);
				MARKETING_VERSION = 1.0;
				PRODUCT_BUNDLE_IDENTIFIER = edu.psu.nbh5294.JewelCalcApp;
				PRODUCT_NAME = "$(TARGET_NAME)";
				SWIFT_EMIT_LOC_STRINGS = YES;
				SWIFT_VERSION = 5.0;
				TARGETED_DEVICE_FAMILY = "1,2";
			};
			name = Release;
		};
		4660F9D92D00E9F6002662B5 /* Debug */ = {
			isa = XCBuildConfiguration;
			buildSettings = {
				ALWAYS_EMBED_SWIFT_STANDARD_LIBRARIES = YES;
				BUNDLE_LOADER = "$(TEST_HOST)";
				CODE_SIGN_STYLE = Automatic;
				CURRENT_PROJECT_VERSION = 1;
				DEVELOPMENT_TEAM = QAC364DJ2H;
				GENERATE_INFOPLIST_FILE = YES;
				IPHONEOS_DEPLOYMENT_TARGET = 17.2;
				MARKETING_VERSION = 1.0;
				PRODUCT_BUNDLE_IDENTIFIER = edu.psu.nbh5294.JewelCalcAppTests;
				PRODUCT_NAME = "$(TARGET_NAME)";
				SWIFT_EMIT_LOC_STRINGS = NO;
				SWIFT_VERSION = 5.0;
				TARGETED_DEVICE_FAMILY = "1,2";
				TEST_HOST = "$(BUILT_PRODUCTS_DIR)/JewelCalcApp.app/$(BUNDLE_EXECUTABLE_FOLDER_PATH)/JewelCalcApp";
			};
			name = Debug;
		};
		4660F9DA2D00E9F6002662B5 /* Release */ = {
			isa = XCBuildConfiguration;
			buildSettings = {
				ALWAYS_EMBED_SWIFT_STANDARD_LIBRARIES = YES;
				BUNDLE_LOADER = "$(TEST_HOST)";
				CODE_SIGN_STYLE = Automatic;
				CURRENT_PROJECT_VERSION = 1;
				DEVELOPMENT_TEAM = QAC364DJ2H;
				GENERATE_INFOPLIST_FILE = YES;
				IPHONEOS_DEPLOYMENT_TARGET = 17.2;
				MARKETING_VERSION = 1.0;
				PRODUCT_BUNDLE_IDENTIFIER = edu.psu.nbh5294.JewelCalcAppTests;
				PRODUCT_NAME = "$(TARGET_NAME)";
				SWIFT_EMIT_LOC_STRINGS = NO;
				SWIFT_VERSION = 5.0;
				TARGETED_DEVICE_FAMILY = "1,2";
				TEST_HOST = "$(BUILT_PRODUCTS_DIR)/JewelCalcApp.app/$(BUNDLE_EXECUTABLE_FOLDER_PATH)/JewelCalcApp";
			};
			name = Release;
		};
		4660F9DC2D00E9F6002662B5 /* Debug */ = {
			isa = XCBuildConfiguration;
			buildSettings = {
				ALWAYS_EMBED_SWIFT_STANDARD_LIBRARIES = YES;
				CODE_SIGN_STYLE = Automatic;
				CURRENT_PROJECT_VERSION = 1;
				DEVELOPMENT_TEAM = QAC364DJ2H;
				GENERATE_INFOPLIST_FILE = YES;
				MARKETING_VERSION = 1.0;
				PRODUCT_BUNDLE_IDENTIFIER = edu.psu.nbh5294.JewelCalcAppUITests;
				PRODUCT_NAME = "$(TARGET_NAME)";
				SWIFT_EMIT_LOC_STRINGS = NO;
				SWIFT_VERSION = 5.0;
				TARGETED_DEVICE_FAMILY = "1,2";
				TEST_TARGET_NAME = JewelCalcApp;
			};
			name = Debug;
		};
		4660F9DD2D00E9F6002662B5 /* Release */ = {
			isa = XCBuildConfiguration;
			buildSettings = {
				ALWAYS_EMBED_SWIFT_STANDARD_LIBRARIES = YES;
				CODE_SIGN_STYLE = Automatic;
				CURRENT_PROJECT_VERSION = 1;
				DEVELOPMENT_TEAM = QAC364DJ2H;
				GENERATE_INFOPLIST_FILE = YES;
				MARKETING_VERSION = 1.0;
				PRODUCT_BUNDLE_IDENTIFIER = edu.psu.nbh5294.JewelCalcAppUITests;
				PRODUCT_NAME = "$(TARGET_NAME)";
				SWIFT_EMIT_LOC_STRINGS = NO;
				SWIFT_VERSION = 5.0;
				TARGETED_DEVICE_FAMILY = "1,2";
				TEST_TARGET_NAME = JewelCalcApp;
			};
			name = Release;
		};
/* End XCBuildConfiguration section */

/* Begin XCConfigurationList section */
		4660F9AA2D00E9F3002662B5 /* Build configuration list for PBXProject "JewelCalcApp" */ = {
			isa = XCConfigurationList;
			buildConfigurations = (
				4660F9D32D00E9F6002662B5 /* Debug */,
				4660F9D42D00E9F6002662B5 /* Release */,
			);
			defaultConfigurationIsVisible = 0;
			defaultConfigurationName = Release;
		};
		4660F9D52D00E9F6002662B5 /* Build configuration list for PBXNativeTarget "JewelCalcApp" */ = {
			isa = XCConfigurationList;
			buildConfigurations = (
				4660F9D62D00E9F6002662B5 /* Debug */,
				4660F9D72D00E9F6002662B5 /* Release */,
			);
			defaultConfigurationIsVisible = 0;
			defaultConfigurationName = Release;
		};
		4660F9D82D00E9F6002662B5 /* Build configuration list for PBXNativeTarget "JewelCalcAppTests" */ = {
			isa = XCConfigurationList;
			buildConfigurations = (
				4660F9D92D00E9F6002662B5 /* Debug */,
				4660F9DA2D00E9F6002662B5 /* Release */,
			);
			defaultConfigurationIsVisible = 0;
			defaultConfigurationName = Release;
		};
		4660F9DB2D00E9F6002662B5 /* Build configuration list for PBXNativeTarget "JewelCalcAppUITests" */ = {
			isa = XCConfigurationList;
			buildConfigurations = (
				4660F9DC2D00E9F6002662B5 /* Debug */,
				4660F9DD2D00E9F6002662B5 /* Release */,
			);
			defaultConfigurationIsVisible = 0;
			defaultConfigurationName = Release;
		};
/* End XCConfigurationList section */

/* Begin XCVersionGroup section */
		4660F9F62D010626002662B5 /* CoreDataStack.xcdatamodeld */ = {
			isa = XCVersionGroup;
			children = (
				4660F9F72D010626002662B5 /* CoreDataStack.xcdatamodel */,
			);
			currentVersion = 4660F9F72D010626002662B5 /* CoreDataStack.xcdatamodel */;
			path = CoreDataStack.xcdatamodeld;
			sourceTree = "<group>";
			usesTabs = 0;
			versionGroupType = wrapper.xcdatamodel;
		};
/* End XCVersionGroup section */
	};
	rootObject = 4660F9A72D00E9F3002662B5 /* Project object */;
}
