// !$*UTF8*$!
{
	archiveVersion = 1;
	classes = {
	};
	objectVersion = 56;
	objects = {

/* Begin PBXBuildFile section */
		46061B862C8F6302002083F9 /* ScrambleProblem.swift in Sources */ = {isa = PBXBuildFile; fileRef = 46061B852C8F6302002083F9 /* ScrambleProblem.swift */; };
		46061B882C8F63B1002083F9 /* GameManager.swift in Sources */ = {isa = PBXBuildFile; fileRef = 46061B872C8F63B1002083F9 /* GameManager.swift */; };
		46061B8A2C8F6AE3002083F9 /* Words.swift in Sources */ = {isa = PBXBuildFile; fileRef = 46061B892C8F6AE3002083F9 /* Words.swift */; };
		468C5C492C8679CC008F9E75 /* SPEELitOUTApp.swift in Sources */ = {isa = PBXBuildFile; fileRef = 468C5C482C8679CC008F9E75 /* SPEELitOUTApp.swift */; };
		468C5C4B2C8679CC008F9E75 /* ContentView.swift in Sources */ = {isa = PBXBuildFile; fileRef = 468C5C4A2C8679CC008F9E75 /* ContentView.swift */; };
		468C5C4D2C8679CC008F9E75 /* Item.swift in Sources */ = {isa = PBXBuildFile; fileRef = 468C5C4C2C8679CC008F9E75 /* Item.swift */; };
		468C5C4F2C8679CF008F9E75 /* Assets.xcassets in Resources */ = {isa = PBXBuildFile; fileRef = 468C5C4E2C8679CF008F9E75 /* Assets.xcassets */; };
		468C5C522C8679CF008F9E75 /* Preview Assets.xcassets in Resources */ = {isa = PBXBuildFile; fileRef = 468C5C512C8679CF008F9E75 /* Preview Assets.xcassets */; };
		468C5C5C2C8679CF008F9E75 /* SPEELitOUTTests.swift in Sources */ = {isa = PBXBuildFile; fileRef = 468C5C5B2C8679CF008F9E75 /* SPEELitOUTTests.swift */; };
		468C5C662C8679CF008F9E75 /* SPEELitOUTUITests.swift in Sources */ = {isa = PBXBuildFile; fileRef = 468C5C652C8679CF008F9E75 /* SPEELitOUTUITests.swift */; };
		468C5C682C8679CF008F9E75 /* SPEELitOUTUITestsLaunchTests.swift in Sources */ = {isa = PBXBuildFile; fileRef = 468C5C672C8679CF008F9E75 /* SPEELitOUTUITestsLaunchTests.swift */; };
		468C5C772C867DE2008F9E75 /* TitleTextView.swift in Sources */ = {isa = PBXBuildFile; fileRef = 468C5C762C867DE2008F9E75 /* TitleTextView.swift */; };
		468C5C792C8686FC008F9E75 /* NewGameButtonView.swift in Sources */ = {isa = PBXBuildFile; fileRef = 468C5C782C8686FC008F9E75 /* NewGameButtonView.swift */; };
		468C5C7B2C86876D008F9E75 /* LetterButtonView.swift in Sources */ = {isa = PBXBuildFile; fileRef = 468C5C7A2C86876D008F9E75 /* LetterButtonView.swift */; };
		468C5C7D2C8687ED008F9E75 /* DeleteButtonView.swift in Sources */ = {isa = PBXBuildFile; fileRef = 468C5C7C2C8687ED008F9E75 /* DeleteButtonView.swift */; };
		468C5C7F2C86881C008F9E75 /* SubmitButtonView.swift in Sources */ = {isa = PBXBuildFile; fileRef = 468C5C7E2C86881C008F9E75 /* SubmitButtonView.swift */; };
		468C5C812C868847008F9E75 /* ShuffleButtonView.swift in Sources */ = {isa = PBXBuildFile; fileRef = 468C5C802C868847008F9E75 /* ShuffleButtonView.swift */; };
		468C5C832C86887C008F9E75 /* HintsButtonView.swift in Sources */ = {isa = PBXBuildFile; fileRef = 468C5C822C86887C008F9E75 /* HintsButtonView.swift */; };
		468C5C852C8688B0008F9E75 /* PreferencesButtonView.swift in Sources */ = {isa = PBXBuildFile; fileRef = 468C5C842C8688B0008F9E75 /* PreferencesButtonView.swift */; };
		468C5C872C86919E008F9E75 /* ScrollView.swift in Sources */ = {isa = PBXBuildFile; fileRef = 468C5C862C86919E008F9E75 /* ScrollView.swift */; };
/* End PBXBuildFile section */

/* Begin PBXContainerItemProxy section */
		468C5C582C8679CF008F9E75 /* PBXContainerItemProxy */ = {
			isa = PBXContainerItemProxy;
			containerPortal = 468C5C3D2C8679CC008F9E75 /* Project object */;
			proxyType = 1;
			remoteGlobalIDString = 468C5C442C8679CC008F9E75;
			remoteInfo = SPEELitOUT;
		};
		468C5C622C8679CF008F9E75 /* PBXContainerItemProxy */ = {
			isa = PBXContainerItemProxy;
			containerPortal = 468C5C3D2C8679CC008F9E75 /* Project object */;
			proxyType = 1;
			remoteGlobalIDString = 468C5C442C8679CC008F9E75;
			remoteInfo = SPEELitOUT;
		};
/* End PBXContainerItemProxy section */

/* Begin PBXFileReference section */
		46061B852C8F6302002083F9 /* ScrambleProblem.swift */ = {isa = PBXFileReference; lastKnownFileType = sourcecode.swift; path = ScrambleProblem.swift; sourceTree = "<group>"; };
		46061B872C8F63B1002083F9 /* GameManager.swift */ = {isa = PBXFileReference; lastKnownFileType = sourcecode.swift; path = GameManager.swift; sourceTree = "<group>"; };
		46061B892C8F6AE3002083F9 /* Words.swift */ = {isa = PBXFileReference; fileEncoding = 4; lastKnownFileType = sourcecode.swift; name = Words.swift; path = ../../../Downloads/Words.swift; sourceTree = "<group>"; };
		468C5C452C8679CC008F9E75 /* SPEELitOUT.app */ = {isa = PBXFileReference; explicitFileType = wrapper.application; includeInIndex = 0; path = SPEELitOUT.app; sourceTree = BUILT_PRODUCTS_DIR; };
		468C5C482C8679CC008F9E75 /* SPEELitOUTApp.swift */ = {isa = PBXFileReference; lastKnownFileType = sourcecode.swift; path = SPEELitOUTApp.swift; sourceTree = "<group>"; };
		468C5C4A2C8679CC008F9E75 /* ContentView.swift */ = {isa = PBXFileReference; lastKnownFileType = sourcecode.swift; path = ContentView.swift; sourceTree = "<group>"; };
		468C5C4C2C8679CC008F9E75 /* Item.swift */ = {isa = PBXFileReference; lastKnownFileType = sourcecode.swift; path = Item.swift; sourceTree = "<group>"; };
		468C5C4E2C8679CF008F9E75 /* Assets.xcassets */ = {isa = PBXFileReference; lastKnownFileType = folder.assetcatalog; path = Assets.xcassets; sourceTree = "<group>"; };
		468C5C512C8679CF008F9E75 /* Preview Assets.xcassets */ = {isa = PBXFileReference; lastKnownFileType = folder.assetcatalog; path = "Preview Assets.xcassets"; sourceTree = "<group>"; };
		468C5C572C8679CF008F9E75 /* SPEELitOUTTests.xctest */ = {isa = PBXFileReference; explicitFileType = wrapper.cfbundle; includeInIndex = 0; path = SPEELitOUTTests.xctest; sourceTree = BUILT_PRODUCTS_DIR; };
		468C5C5B2C8679CF008F9E75 /* SPEELitOUTTests.swift */ = {isa = PBXFileReference; lastKnownFileType = sourcecode.swift; path = SPEELitOUTTests.swift; sourceTree = "<group>"; };
		468C5C612C8679CF008F9E75 /* SPEELitOUTUITests.xctest */ = {isa = PBXFileReference; explicitFileType = wrapper.cfbundle; includeInIndex = 0; path = SPEELitOUTUITests.xctest; sourceTree = BUILT_PRODUCTS_DIR; };
		468C5C652C8679CF008F9E75 /* SPEELitOUTUITests.swift */ = {isa = PBXFileReference; lastKnownFileType = sourcecode.swift; path = SPEELitOUTUITests.swift; sourceTree = "<group>"; };
		468C5C672C8679CF008F9E75 /* SPEELitOUTUITestsLaunchTests.swift */ = {isa = PBXFileReference; lastKnownFileType = sourcecode.swift; path = SPEELitOUTUITestsLaunchTests.swift; sourceTree = "<group>"; };
		468C5C762C867DE2008F9E75 /* TitleTextView.swift */ = {isa = PBXFileReference; lastKnownFileType = sourcecode.swift; path = TitleTextView.swift; sourceTree = "<group>"; };
		468C5C782C8686FC008F9E75 /* NewGameButtonView.swift */ = {isa = PBXFileReference; lastKnownFileType = sourcecode.swift; path = NewGameButtonView.swift; sourceTree = "<group>"; };
		468C5C7A2C86876D008F9E75 /* LetterButtonView.swift */ = {isa = PBXFileReference; lastKnownFileType = sourcecode.swift; path = LetterButtonView.swift; sourceTree = "<group>"; };
		468C5C7C2C8687ED008F9E75 /* DeleteButtonView.swift */ = {isa = PBXFileReference; lastKnownFileType = sourcecode.swift; path = DeleteButtonView.swift; sourceTree = "<group>"; };
		468C5C7E2C86881C008F9E75 /* SubmitButtonView.swift */ = {isa = PBXFileReference; lastKnownFileType = sourcecode.swift; path = SubmitButtonView.swift; sourceTree = "<group>"; };
		468C5C802C868847008F9E75 /* ShuffleButtonView.swift */ = {isa = PBXFileReference; lastKnownFileType = sourcecode.swift; path = ShuffleButtonView.swift; sourceTree = "<group>"; };
		468C5C822C86887C008F9E75 /* HintsButtonView.swift */ = {isa = PBXFileReference; lastKnownFileType = sourcecode.swift; path = HintsButtonView.swift; sourceTree = "<group>"; };
		468C5C842C8688B0008F9E75 /* PreferencesButtonView.swift */ = {isa = PBXFileReference; lastKnownFileType = sourcecode.swift; path = PreferencesButtonView.swift; sourceTree = "<group>"; };
		468C5C862C86919E008F9E75 /* ScrollView.swift */ = {isa = PBXFileReference; lastKnownFileType = sourcecode.swift; path = ScrollView.swift; sourceTree = "<group>"; };
/* End PBXFileReference section */

/* Begin PBXFrameworksBuildPhase section */
		468C5C422C8679CC008F9E75 /* Frameworks */ = {
			isa = PBXFrameworksBuildPhase;
			buildActionMask = 2147483647;
			files = (
			);
			runOnlyForDeploymentPostprocessing = 0;
		};
		468C5C542C8679CF008F9E75 /* Frameworks */ = {
			isa = PBXFrameworksBuildPhase;
			buildActionMask = 2147483647;
			files = (
			);
			runOnlyForDeploymentPostprocessing = 0;
		};
		468C5C5E2C8679CF008F9E75 /* Frameworks */ = {
			isa = PBXFrameworksBuildPhase;
			buildActionMask = 2147483647;
			files = (
			);
			runOnlyForDeploymentPostprocessing = 0;
		};
/* End PBXFrameworksBuildPhase section */

/* Begin PBXGroup section */
		468C26DD2C901F95006F33C6 /* View */ = {
			isa = PBXGroup;
			children = (
				468C5C4A2C8679CC008F9E75 /* ContentView.swift */,
			);
			path = View;
			sourceTree = "<group>";
		};
		468C26DF2C901FEC006F33C6 /* ViewModel */ = {
			isa = PBXGroup;
			children = (
				46061B872C8F63B1002083F9 /* GameManager.swift */,
			);
			path = ViewModel;
			sourceTree = "<group>";
		};
		468C26E02C9020EF006F33C6 /* Model */ = {
			isa = PBXGroup;
			children = (
				468C5C862C86919E008F9E75 /* ScrollView.swift */,
				468C5C782C8686FC008F9E75 /* NewGameButtonView.swift */,
				468C5C7A2C86876D008F9E75 /* LetterButtonView.swift */,
				468C5C7C2C8687ED008F9E75 /* DeleteButtonView.swift */,
				468C5C7E2C86881C008F9E75 /* SubmitButtonView.swift */,
				468C5C802C868847008F9E75 /* ShuffleButtonView.swift */,
				468C5C822C86887C008F9E75 /* HintsButtonView.swift */,
				468C5C842C8688B0008F9E75 /* PreferencesButtonView.swift */,
				468C5C762C867DE2008F9E75 /* TitleTextView.swift */,
				46061B852C8F6302002083F9 /* ScrambleProblem.swift */,
			);
			path = Model;
			sourceTree = "<group>";
		};
		468C5C3C2C8679CC008F9E75 = {
			isa = PBXGroup;
			children = (
				468C5C472C8679CC008F9E75 /* SPEELitOUT */,
				468C5C5A2C8679CF008F9E75 /* SPEELitOUTTests */,
				468C5C642C8679CF008F9E75 /* SPEELitOUTUITests */,
				468C5C462C8679CC008F9E75 /* Products */,
			);
			sourceTree = "<group>";
		};
		468C5C462C8679CC008F9E75 /* Products */ = {
			isa = PBXGroup;
			children = (
				468C5C452C8679CC008F9E75 /* SPEELitOUT.app */,
				468C5C572C8679CF008F9E75 /* SPEELitOUTTests.xctest */,
				468C5C612C8679CF008F9E75 /* SPEELitOUTUITests.xctest */,
			);
			name = Products;
			sourceTree = "<group>";
		};
		468C5C472C8679CC008F9E75 /* SPEELitOUT */ = {
			isa = PBXGroup;
			children = (
				468C5C482C8679CC008F9E75 /* SPEELitOUTApp.swift */,
				468C26E02C9020EF006F33C6 /* Model */,
				468C26DD2C901F95006F33C6 /* View */,
				46061B892C8F6AE3002083F9 /* Words.swift */,
				468C26DF2C901FEC006F33C6 /* ViewModel */,
				468C5C4C2C8679CC008F9E75 /* Item.swift */,
				468C5C4E2C8679CF008F9E75 /* Assets.xcassets */,
				468C5C502C8679CF008F9E75 /* Preview Content */,
			);
			path = SPEELitOUT;
			sourceTree = "<group>";
		};
		468C5C502C8679CF008F9E75 /* Preview Content */ = {
			isa = PBXGroup;
			children = (
				468C5C512C8679CF008F9E75 /* Preview Assets.xcassets */,
			);
			path = "Preview Content";
			sourceTree = "<group>";
		};
		468C5C5A2C8679CF008F9E75 /* SPEELitOUTTests */ = {
			isa = PBXGroup;
			children = (
				468C5C5B2C8679CF008F9E75 /* SPEELitOUTTests.swift */,
			);
			path = SPEELitOUTTests;
			sourceTree = "<group>";
		};
		468C5C642C8679CF008F9E75 /* SPEELitOUTUITests */ = {
			isa = PBXGroup;
			children = (
				468C5C652C8679CF008F9E75 /* SPEELitOUTUITests.swift */,
				468C5C672C8679CF008F9E75 /* SPEELitOUTUITestsLaunchTests.swift */,
			);
			path = SPEELitOUTUITests;
			sourceTree = "<group>";
		};
/* End PBXGroup section */

/* Begin PBXNativeTarget section */
		468C5C442C8679CC008F9E75 /* SPEELitOUT */ = {
			isa = PBXNativeTarget;
			buildConfigurationList = 468C5C6B2C8679CF008F9E75 /* Build configuration list for PBXNativeTarget "SPEELitOUT" */;
			buildPhases = (
				468C5C412C8679CC008F9E75 /* Sources */,
				468C5C422C8679CC008F9E75 /* Frameworks */,
				468C5C432C8679CC008F9E75 /* Resources */,
			);
			buildRules = (
			);
			dependencies = (
			);
			name = SPEELitOUT;
			productName = SPEELitOUT;
			productReference = 468C5C452C8679CC008F9E75 /* SPEELitOUT.app */;
			productType = "com.apple.product-type.application";
		};
		468C5C562C8679CF008F9E75 /* SPEELitOUTTests */ = {
			isa = PBXNativeTarget;
			buildConfigurationList = 468C5C6E2C8679CF008F9E75 /* Build configuration list for PBXNativeTarget "SPEELitOUTTests" */;
			buildPhases = (
				468C5C532C8679CF008F9E75 /* Sources */,
				468C5C542C8679CF008F9E75 /* Frameworks */,
				468C5C552C8679CF008F9E75 /* Resources */,
			);
			buildRules = (
			);
			dependencies = (
				468C5C592C8679CF008F9E75 /* PBXTargetDependency */,
			);
			name = SPEELitOUTTests;
			productName = SPEELitOUTTests;
			productReference = 468C5C572C8679CF008F9E75 /* SPEELitOUTTests.xctest */;
			productType = "com.apple.product-type.bundle.unit-test";
		};
		468C5C602C8679CF008F9E75 /* SPEELitOUTUITests */ = {
			isa = PBXNativeTarget;
			buildConfigurationList = 468C5C712C8679CF008F9E75 /* Build configuration list for PBXNativeTarget "SPEELitOUTUITests" */;
			buildPhases = (
				468C5C5D2C8679CF008F9E75 /* Sources */,
				468C5C5E2C8679CF008F9E75 /* Frameworks */,
				468C5C5F2C8679CF008F9E75 /* Resources */,
			);
			buildRules = (
			);
			dependencies = (
				468C5C632C8679CF008F9E75 /* PBXTargetDependency */,
			);
			name = SPEELitOUTUITests;
			productName = SPEELitOUTUITests;
			productReference = 468C5C612C8679CF008F9E75 /* SPEELitOUTUITests.xctest */;
			productType = "com.apple.product-type.bundle.ui-testing";
		};
/* End PBXNativeTarget section */

/* Begin PBXProject section */
		468C5C3D2C8679CC008F9E75 /* Project object */ = {
			isa = PBXProject;
			attributes = {
				BuildIndependentTargetsInParallel = 1;
				LastSwiftUpdateCheck = 1520;
				LastUpgradeCheck = 1520;
				TargetAttributes = {
					468C5C442C8679CC008F9E75 = {
						CreatedOnToolsVersion = 15.2;
					};
					468C5C562C8679CF008F9E75 = {
						CreatedOnToolsVersion = 15.2;
						TestTargetID = 468C5C442C8679CC008F9E75;
					};
					468C5C602C8679CF008F9E75 = {
						CreatedOnToolsVersion = 15.2;
						TestTargetID = 468C5C442C8679CC008F9E75;
					};
				};
			};
			buildConfigurationList = 468C5C402C8679CC008F9E75 /* Build configuration list for PBXProject "SPEELitOUT" */;
			compatibilityVersion = "Xcode 14.0";
			developmentRegion = en;
			hasScannedForEncodings = 0;
			knownRegions = (
				en,
				Base,
			);
			mainGroup = 468C5C3C2C8679CC008F9E75;
			productRefGroup = 468C5C462C8679CC008F9E75 /* Products */;
			projectDirPath = "";
			projectRoot = "";
			targets = (
				468C5C442C8679CC008F9E75 /* SPEELitOUT */,
				468C5C562C8679CF008F9E75 /* SPEELitOUTTests */,
				468C5C602C8679CF008F9E75 /* SPEELitOUTUITests */,
			);
		};
/* End PBXProject section */

/* Begin PBXResourcesBuildPhase section */
		468C5C432C8679CC008F9E75 /* Resources */ = {
			isa = PBXResourcesBuildPhase;
			buildActionMask = 2147483647;
			files = (
				468C5C522C8679CF008F9E75 /* Preview Assets.xcassets in Resources */,
				468C5C4F2C8679CF008F9E75 /* Assets.xcassets in Resources */,
			);
			runOnlyForDeploymentPostprocessing = 0;
		};
		468C5C552C8679CF008F9E75 /* Resources */ = {
			isa = PBXResourcesBuildPhase;
			buildActionMask = 2147483647;
			files = (
			);
			runOnlyForDeploymentPostprocessing = 0;
		};
		468C5C5F2C8679CF008F9E75 /* Resources */ = {
			isa = PBXResourcesBuildPhase;
			buildActionMask = 2147483647;
			files = (
			);
			runOnlyForDeploymentPostprocessing = 0;
		};
/* End PBXResourcesBuildPhase section */

/* Begin PBXSourcesBuildPhase section */
		468C5C412C8679CC008F9E75 /* Sources */ = {
			isa = PBXSourcesBuildPhase;
			buildActionMask = 2147483647;
			files = (
				468C5C792C8686FC008F9E75 /* NewGameButtonView.swift in Sources */,
				468C5C7F2C86881C008F9E75 /* SubmitButtonView.swift in Sources */,
				468C5C832C86887C008F9E75 /* HintsButtonView.swift in Sources */,
				46061B882C8F63B1002083F9 /* GameManager.swift in Sources */,
				468C5C4B2C8679CC008F9E75 /* ContentView.swift in Sources */,
				468C5C812C868847008F9E75 /* ShuffleButtonView.swift in Sources */,
				468C5C872C86919E008F9E75 /* ScrollView.swift in Sources */,
				468C5C7B2C86876D008F9E75 /* LetterButtonView.swift in Sources */,
				468C5C7D2C8687ED008F9E75 /* DeleteButtonView.swift in Sources */,
				46061B8A2C8F6AE3002083F9 /* Words.swift in Sources */,
				468C5C852C8688B0008F9E75 /* PreferencesButtonView.swift in Sources */,
				468C5C772C867DE2008F9E75 /* TitleTextView.swift in Sources */,
				468C5C4D2C8679CC008F9E75 /* Item.swift in Sources */,
				468C5C492C8679CC008F9E75 /* SPEELitOUTApp.swift in Sources */,
				46061B862C8F6302002083F9 /* ScrambleProblem.swift in Sources */,
			);
			runOnlyForDeploymentPostprocessing = 0;
		};
		468C5C532C8679CF008F9E75 /* Sources */ = {
			isa = PBXSourcesBuildPhase;
			buildActionMask = 2147483647;
			files = (
				468C5C5C2C8679CF008F9E75 /* SPEELitOUTTests.swift in Sources */,
			);
			runOnlyForDeploymentPostprocessing = 0;
		};
		468C5C5D2C8679CF008F9E75 /* Sources */ = {
			isa = PBXSourcesBuildPhase;
			buildActionMask = 2147483647;
			files = (
				468C5C682C8679CF008F9E75 /* SPEELitOUTUITestsLaunchTests.swift in Sources */,
				468C5C662C8679CF008F9E75 /* SPEELitOUTUITests.swift in Sources */,
			);
			runOnlyForDeploymentPostprocessing = 0;
		};
/* End PBXSourcesBuildPhase section */

/* Begin PBXTargetDependency section */
		468C5C592C8679CF008F9E75 /* PBXTargetDependency */ = {
			isa = PBXTargetDependency;
			target = 468C5C442C8679CC008F9E75 /* SPEELitOUT */;
			targetProxy = 468C5C582C8679CF008F9E75 /* PBXContainerItemProxy */;
		};
		468C5C632C8679CF008F9E75 /* PBXTargetDependency */ = {
			isa = PBXTargetDependency;
			target = 468C5C442C8679CC008F9E75 /* SPEELitOUT */;
			targetProxy = 468C5C622C8679CF008F9E75 /* PBXContainerItemProxy */;
		};
/* End PBXTargetDependency section */

/* Begin XCBuildConfiguration section */
		468C5C692C8679CF008F9E75 /* Debug */ = {
			isa = XCBuildConfiguration;
			buildSettings = {
				ALWAYS_SEARCH_USER_PATHS = NO;
				ASSETCATALOG_COMPILER_GENERATE_SWIFT_ASSET_SYMBOL_EXTENSIONS = YES;
				CLANG_ANALYZER_NONNULL = YES;
				CLANG_ANALYZER_NUMBER_OBJECT_CONVERSION = YES_AGGRESSIVE;
				CLANG_CXX_LANGUAGE_STANDARD = "gnu++20";
				CLANG_ENABLE_MODULES = YES;
				CLANG_ENABLE_OBJC_ARC = YES;
				CLANG_ENABLE_OBJC_WEAK = YES;
				CLANG_WARN_BLOCK_CAPTURE_AUTORELEASING = YES;
				CLANG_WARN_BOOL_CONVERSION = YES;
				CLANG_WARN_COMMA = YES;
				CLANG_WARN_CONSTANT_CONVERSION = YES;
				CLANG_WARN_DEPRECATED_OBJC_IMPLEMENTATIONS = YES;
				CLANG_WARN_DIRECT_OBJC_ISA_USAGE = YES_ERROR;
				CLANG_WARN_DOCUMENTATION_COMMENTS = YES;
				CLANG_WARN_EMPTY_BODY = YES;
				CLANG_WARN_ENUM_CONVERSION = YES;
				CLANG_WARN_INFINITE_RECURSION = YES;
				CLANG_WARN_INT_CONVERSION = YES;
				CLANG_WARN_NON_LITERAL_NULL_CONVERSION = YES;
				CLANG_WARN_OBJC_IMPLICIT_RETAIN_SELF = YES;
				CLANG_WARN_OBJC_LITERAL_CONVERSION = YES;
				CLANG_WARN_OBJC_ROOT_CLASS = YES_ERROR;
				CLANG_WARN_QUOTED_INCLUDE_IN_FRAMEWORK_HEADER = YES;
				CLANG_WARN_RANGE_LOOP_ANALYSIS = YES;
				CLANG_WARN_STRICT_PROTOTYPES = YES;
				CLANG_WARN_SUSPICIOUS_MOVE = YES;
				CLANG_WARN_UNGUARDED_AVAILABILITY = YES_AGGRESSIVE;
				CLANG_WARN_UNREACHABLE_CODE = YES;
				CLANG_WARN__DUPLICATE_METHOD_MATCH = YES;
				COPY_PHASE_STRIP = NO;
				DEBUG_INFORMATION_FORMAT = dwarf;
				ENABLE_STRICT_OBJC_MSGSEND = YES;
				ENABLE_TESTABILITY = YES;
				ENABLE_USER_SCRIPT_SANDBOXING = YES;
				GCC_C_LANGUAGE_STANDARD = gnu17;
				GCC_DYNAMIC_NO_PIC = NO;
				GCC_NO_COMMON_BLOCKS = YES;
				GCC_OPTIMIZATION_LEVEL = 0;
				GCC_PREPROCESSOR_DEFINITIONS = (
					"DEBUG=1",
					"$(inherited)",
				);
				GCC_WARN_64_TO_32_BIT_CONVERSION = YES;
				GCC_WARN_ABOUT_RETURN_TYPE = YES_ERROR;
				GCC_WARN_UNDECLARED_SELECTOR = YES;
				GCC_WARN_UNINITIALIZED_AUTOS = YES_AGGRESSIVE;
				GCC_WARN_UNUSED_FUNCTION = YES;
				GCC_WARN_UNUSED_VARIABLE = YES;
				IPHONEOS_DEPLOYMENT_TARGET = 17.2;
				LOCALIZATION_PREFERS_STRING_CATALOGS = YES;
				MTL_ENABLE_DEBUG_INFO = INCLUDE_SOURCE;
				MTL_FAST_MATH = YES;
				ONLY_ACTIVE_ARCH = YES;
				SDKROOT = iphoneos;
				SWIFT_ACTIVE_COMPILATION_CONDITIONS = "DEBUG $(inherited)";
				SWIFT_OPTIMIZATION_LEVEL = "-Onone";
			};
			name = Debug;
		};
		468C5C6A2C8679CF008F9E75 /* Release */ = {
			isa = XCBuildConfiguration;
			buildSettings = {
				ALWAYS_SEARCH_USER_PATHS = NO;
				ASSETCATALOG_COMPILER_GENERATE_SWIFT_ASSET_SYMBOL_EXTENSIONS = YES;
				CLANG_ANALYZER_NONNULL = YES;
				CLANG_ANALYZER_NUMBER_OBJECT_CONVERSION = YES_AGGRESSIVE;
				CLANG_CXX_LANGUAGE_STANDARD = "gnu++20";
				CLANG_ENABLE_MODULES = YES;
				CLANG_ENABLE_OBJC_ARC = YES;
				CLANG_ENABLE_OBJC_WEAK = YES;
				CLANG_WARN_BLOCK_CAPTURE_AUTORELEASING = YES;
				CLANG_WARN_BOOL_CONVERSION = YES;
				CLANG_WARN_COMMA = YES;
				CLANG_WARN_CONSTANT_CONVERSION = YES;
				CLANG_WARN_DEPRECATED_OBJC_IMPLEMENTATIONS = YES;
				CLANG_WARN_DIRECT_OBJC_ISA_USAGE = YES_ERROR;
				CLANG_WARN_DOCUMENTATION_COMMENTS = YES;
				CLANG_WARN_EMPTY_BODY = YES;
				CLANG_WARN_ENUM_CONVERSION = YES;
				CLANG_WARN_INFINITE_RECURSION = YES;
				CLANG_WARN_INT_CONVERSION = YES;
				CLANG_WARN_NON_LITERAL_NULL_CONVERSION = YES;
				CLANG_WARN_OBJC_IMPLICIT_RETAIN_SELF = YES;
				CLANG_WARN_OBJC_LITERAL_CONVERSION = YES;
				CLANG_WARN_OBJC_ROOT_CLASS = YES_ERROR;
				CLANG_WARN_QUOTED_INCLUDE_IN_FRAMEWORK_HEADER = YES;
				CLANG_WARN_RANGE_LOOP_ANALYSIS = YES;
				CLANG_WARN_STRICT_PROTOTYPES = YES;
				CLANG_WARN_SUSPICIOUS_MOVE = YES;
				CLANG_WARN_UNGUARDED_AVAILABILITY = YES_AGGRESSIVE;
				CLANG_WARN_UNREACHABLE_CODE = YES;
				CLANG_WARN__DUPLICATE_METHOD_MATCH = YES;
				COPY_PHASE_STRIP = NO;
				DEBUG_INFORMATION_FORMAT = "dwarf-with-dsym";
				ENABLE_NS_ASSERTIONS = NO;
				ENABLE_STRICT_OBJC_MSGSEND = YES;
				ENABLE_USER_SCRIPT_SANDBOXING = YES;
				GCC_C_LANGUAGE_STANDARD = gnu17;
				GCC_NO_COMMON_BLOCKS = YES;
				GCC_WARN_64_TO_32_BIT_CONVERSION = YES;
				GCC_WARN_ABOUT_RETURN_TYPE = YES_ERROR;
				GCC_WARN_UNDECLARED_SELECTOR = YES;
				GCC_WARN_UNINITIALIZED_AUTOS = YES_AGGRESSIVE;
				GCC_WARN_UNUSED_FUNCTION = YES;
				GCC_WARN_UNUSED_VARIABLE = YES;
				IPHONEOS_DEPLOYMENT_TARGET = 17.2;
				LOCALIZATION_PREFERS_STRING_CATALOGS = YES;
				MTL_ENABLE_DEBUG_INFO = NO;
				MTL_FAST_MATH = YES;
				SDKROOT = iphoneos;
				SWIFT_COMPILATION_MODE = wholemodule;
				VALIDATE_PRODUCT = YES;
			};
			name = Release;
		};
		468C5C6C2C8679CF008F9E75 /* Debug */ = {
			isa = XCBuildConfiguration;
			buildSettings = {
				ASSETCATALOG_COMPILER_APPICON_NAME = AppIcon;
				ASSETCATALOG_COMPILER_GLOBAL_ACCENT_COLOR_NAME = AccentColor;
				CODE_SIGN_STYLE = Automatic;
				CURRENT_PROJECT_VERSION = 1;
				DEVELOPMENT_ASSET_PATHS = "\"SPEELitOUT/Preview Content\"";
				DEVELOPMENT_TEAM = QAC364DJ2H;
				ENABLE_PREVIEWS = YES;
				GENERATE_INFOPLIST_FILE = YES;
				INFOPLIST_KEY_UIApplicationSceneManifest_Generation = YES;
				INFOPLIST_KEY_UIApplicationSupportsIndirectInputEvents = YES;
				INFOPLIST_KEY_UILaunchScreen_Generation = YES;
				INFOPLIST_KEY_UISupportedInterfaceOrientations_iPad = "UIInterfaceOrientationPortrait UIInterfaceOrientationPortraitUpsideDown UIInterfaceOrientationLandscapeLeft UIInterfaceOrientationLandscapeRight";
				INFOPLIST_KEY_UISupportedInterfaceOrientations_iPhone = "UIInterfaceOrientationPortrait UIInterfaceOrientationLandscapeLeft UIInterfaceOrientationLandscapeRight";
				LD_RUNPATH_SEARCH_PATHS = (
					"$(inherited)",
					"@executable_path/Frameworks",
				);
				MARKETING_VERSION = 1.0;
				PRODUCT_BUNDLE_IDENTIFIER = edu.psu.nbh5294.SPEELitOUT;
				PRODUCT_NAME = "$(TARGET_NAME)";
				SWIFT_EMIT_LOC_STRINGS = YES;
				SWIFT_VERSION = 5.0;
				TARGETED_DEVICE_FAMILY = "1,2";
			};
			name = Debug;
		};
		468C5C6D2C8679CF008F9E75 /* Release */ = {
			isa = XCBuildConfiguration;
			buildSettings = {
				ASSETCATALOG_COMPILER_APPICON_NAME = AppIcon;
				ASSETCATALOG_COMPILER_GLOBAL_ACCENT_COLOR_NAME = AccentColor;
				CODE_SIGN_STYLE = Automatic;
				CURRENT_PROJECT_VERSION = 1;
				DEVELOPMENT_ASSET_PATHS = "\"SPEELitOUT/Preview Content\"";
				DEVELOPMENT_TEAM = QAC364DJ2H;
				ENABLE_PREVIEWS = YES;
				GENERATE_INFOPLIST_FILE = YES;
				INFOPLIST_KEY_UIApplicationSceneManifest_Generation = YES;
				INFOPLIST_KEY_UIApplicationSupportsIndirectInputEvents = YES;
				INFOPLIST_KEY_UILaunchScreen_Generation = YES;
				INFOPLIST_KEY_UISupportedInterfaceOrientations_iPad = "UIInterfaceOrientationPortrait UIInterfaceOrientationPortraitUpsideDown UIInterfaceOrientationLandscapeLeft UIInterfaceOrientationLandscapeRight";
				INFOPLIST_KEY_UISupportedInterfaceOrientations_iPhone = "UIInterfaceOrientationPortrait UIInterfaceOrientationLandscapeLeft UIInterfaceOrientationLandscapeRight";
				LD_RUNPATH_SEARCH_PATHS = (
					"$(inherited)",
					"@executable_path/Frameworks",
				);
				MARKETING_VERSION = 1.0;
				PRODUCT_BUNDLE_IDENTIFIER = edu.psu.nbh5294.SPEELitOUT;
				PRODUCT_NAME = "$(TARGET_NAME)";
				SWIFT_EMIT_LOC_STRINGS = YES;
				SWIFT_VERSION = 5.0;
				TARGETED_DEVICE_FAMILY = "1,2";
			};
			name = Release;
		};
		468C5C6F2C8679CF008F9E75 /* Debug */ = {
			isa = XCBuildConfiguration;
			buildSettings = {
				ALWAYS_EMBED_SWIFT_STANDARD_LIBRARIES = YES;
				BUNDLE_LOADER = "$(TEST_HOST)";
				CODE_SIGN_STYLE = Automatic;
				CURRENT_PROJECT_VERSION = 1;
				DEVELOPMENT_TEAM = QAC364DJ2H;
				GENERATE_INFOPLIST_FILE = YES;
				IPHONEOS_DEPLOYMENT_TARGET = 17.2;
				MARKETING_VERSION = 1.0;
				PRODUCT_BUNDLE_IDENTIFIER = edu.psu.nbh5294.SPEELitOUTTests;
				PRODUCT_NAME = "$(TARGET_NAME)";
				SWIFT_EMIT_LOC_STRINGS = NO;
				SWIFT_VERSION = 5.0;
				TARGETED_DEVICE_FAMILY = "1,2";
				TEST_HOST = "$(BUILT_PRODUCTS_DIR)/SPEELitOUT.app/$(BUNDLE_EXECUTABLE_FOLDER_PATH)/SPEELitOUT";
			};
			name = Debug;
		};
		468C5C702C8679CF008F9E75 /* Release */ = {
			isa = XCBuildConfiguration;
			buildSettings = {
				ALWAYS_EMBED_SWIFT_STANDARD_LIBRARIES = YES;
				BUNDLE_LOADER = "$(TEST_HOST)";
				CODE_SIGN_STYLE = Automatic;
				CURRENT_PROJECT_VERSION = 1;
				DEVELOPMENT_TEAM = QAC364DJ2H;
				GENERATE_INFOPLIST_FILE = YES;
				IPHONEOS_DEPLOYMENT_TARGET = 17.2;
				MARKETING_VERSION = 1.0;
				PRODUCT_BUNDLE_IDENTIFIER = edu.psu.nbh5294.SPEELitOUTTests;
				PRODUCT_NAME = "$(TARGET_NAME)";
				SWIFT_EMIT_LOC_STRINGS = NO;
				SWIFT_VERSION = 5.0;
				TARGETED_DEVICE_FAMILY = "1,2";
				TEST_HOST = "$(BUILT_PRODUCTS_DIR)/SPEELitOUT.app/$(BUNDLE_EXECUTABLE_FOLDER_PATH)/SPEELitOUT";
			};
			name = Release;
		};
		468C5C722C8679CF008F9E75 /* Debug */ = {
			isa = XCBuildConfiguration;
			buildSettings = {
				ALWAYS_EMBED_SWIFT_STANDARD_LIBRARIES = YES;
				CODE_SIGN_STYLE = Automatic;
				CURRENT_PROJECT_VERSION = 1;
				DEVELOPMENT_TEAM = QAC364DJ2H;
				GENERATE_INFOPLIST_FILE = YES;
				MARKETING_VERSION = 1.0;
				PRODUCT_BUNDLE_IDENTIFIER = edu.psu.nbh5294.SPEELitOUTUITests;
				PRODUCT_NAME = "$(TARGET_NAME)";
				SWIFT_EMIT_LOC_STRINGS = NO;
				SWIFT_VERSION = 5.0;
				TARGETED_DEVICE_FAMILY = "1,2";
				TEST_TARGET_NAME = SPEELitOUT;
			};
			name = Debug;
		};
		468C5C732C8679CF008F9E75 /* Release */ = {
			isa = XCBuildConfiguration;
			buildSettings = {
				ALWAYS_EMBED_SWIFT_STANDARD_LIBRARIES = YES;
				CODE_SIGN_STYLE = Automatic;
				CURRENT_PROJECT_VERSION = 1;
				DEVELOPMENT_TEAM = QAC364DJ2H;
				GENERATE_INFOPLIST_FILE = YES;
				MARKETING_VERSION = 1.0;
				PRODUCT_BUNDLE_IDENTIFIER = edu.psu.nbh5294.SPEELitOUTUITests;
				PRODUCT_NAME = "$(TARGET_NAME)";
				SWIFT_EMIT_LOC_STRINGS = NO;
				SWIFT_VERSION = 5.0;
				TARGETED_DEVICE_FAMILY = "1,2";
				TEST_TARGET_NAME = SPEELitOUT;
			};
			name = Release;
		};
/* End XCBuildConfiguration section */

/* Begin XCConfigurationList section */
		468C5C402C8679CC008F9E75 /* Build configuration list for PBXProject "SPEELitOUT" */ = {
			isa = XCConfigurationList;
			buildConfigurations = (
				468C5C692C8679CF008F9E75 /* Debug */,
				468C5C6A2C8679CF008F9E75 /* Release */,
			);
			defaultConfigurationIsVisible = 0;
			defaultConfigurationName = Release;
		};
		468C5C6B2C8679CF008F9E75 /* Build configuration list for PBXNativeTarget "SPEELitOUT" */ = {
			isa = XCConfigurationList;
			buildConfigurations = (
				468C5C6C2C8679CF008F9E75 /* Debug */,
				468C5C6D2C8679CF008F9E75 /* Release */,
			);
			defaultConfigurationIsVisible = 0;
			defaultConfigurationName = Release;
		};
		468C5C6E2C8679CF008F9E75 /* Build configuration list for PBXNativeTarget "SPEELitOUTTests" */ = {
			isa = XCConfigurationList;
			buildConfigurations = (
				468C5C6F2C8679CF008F9E75 /* Debug */,
				468C5C702C8679CF008F9E75 /* Release */,
			);
			defaultConfigurationIsVisible = 0;
			defaultConfigurationName = Release;
		};
		468C5C712C8679CF008F9E75 /* Build configuration list for PBXNativeTarget "SPEELitOUTUITests" */ = {
			isa = XCConfigurationList;
			buildConfigurations = (
				468C5C722C8679CF008F9E75 /* Debug */,
				468C5C732C8679CF008F9E75 /* Release */,
			);
			defaultConfigurationIsVisible = 0;
			defaultConfigurationName = Release;
		};
/* End XCConfigurationList section */
	};
	rootObject = 468C5C3D2C8679CC008F9E75 /* Project object */;
}
